
Microsoft Visual Studio Solution File, Format Version 12.00
# Visual Studio Version 17
VisualStudioVersion = 17.4.33205.214
MinimumVisualStudioVersion = 10.0.40219.1
Project("{FAE04EC0-301F-11D3-BF4B-00C04F79EFBC}") = "SlimeCore", "SlimeCore.csproj", "{A05A0E70-14E1-4E09-BBE4-4980B954F237}"
EndProject
Global
	GlobalSection(SolutionConfigurationPlatforms) = preSolution
		Debug|Any CPU = Debug|Any CPU
		Release|Any CPU = Release|Any CPU
	EndGlobalSection
	GlobalSection(ProjectConfigurationPlatforms) = postSolution
		{A05A0E70-14E1-4E09-BBE4-4980B954F237}.Debug|Any CPU.ActiveCfg = Debug|Any CPU
		{A05A0E70-14E1-4E09-BBE4-4980B954F237}.Debug|Any CPU.Build.0 = Debug|Any CPU
		{A05A0E70-14E1-4E09-BBE4-4980B954F237}.Release|Any CPU.ActiveCfg = Release|Any CPU
		{A05A0E70-14E1-4E09-BBE4-4980B954F237}.Release|Any CPU.Build.0 = Release|Any CPU
	EndGlobalSection
	GlobalSection(SolutionProperties) = preSolution
		HideSolutionNode = FALSE
	EndGlobalSection
	GlobalSection(ExtensibilityGlobals) = postSolution
		SolutionGuid = {3A688667-B995-4589-9F62-D0DB80B56F9A}
	EndGlobalSection
EndGlobal
